{
  "nodes": {
    "blame-me-nvim": {
      "flake": false,
      "locked": {
        "lastModified": 1707783960,
        "narHash": "sha256-nUkbtxqvuJPBgQajjxhoVLsI/zWexIH1A8eecNxBFyI=",
        "owner": "hougesen",
        "repo": "blame-me.nvim",
        "rev": "e62ce3a5013f6a02d28eccbfc007e0abb456d53c",
        "type": "github"
      },
      "original": {
        "owner": "hougesen",
        "repo": "blame-me.nvim",
        "type": "github"
      }
    },
    "chameleon-nvim": {
      "flake": false,
      "locked": {
        "lastModified": 1725532772,
        "narHash": "sha256-VjHyOM788FQhKwCHk3nmqRqxVvPFn2pjVLgjVfQOJ3E=",
        "owner": "varchaar",
        "repo": "chameleon.nvim",
        "rev": "dd907471946bc7bf0c6b2364b67c6aa47a533f82",
        "type": "github"
      },
      "original": {
        "owner": "varchaar",
        "repo": "chameleon.nvim",
        "type": "github"
      }
    },
    "flake-compat": {
      "flake": false,
      "locked": {
        "lastModified": 1732722421,
        "narHash": "sha256-HRJ/18p+WoXpWJkcdsk9St5ZiukCqSDgbOGFa8Okehg=",
        "owner": "edolstra",
        "repo": "flake-compat",
        "rev": "9ed2ac151eada2306ca8c418ebd97807bb08f6ac",
        "type": "github"
      },
      "original": {
        "owner": "edolstra",
        "repo": "flake-compat",
        "type": "github"
      }
    },
    "flake-compat_2": {
      "flake": false,
      "locked": {
        "lastModified": 1696426674,
        "narHash": "sha256-kvjfFW7WAETZlt09AgDn1MrtKzP7t90Vf7vypd3OL1U=",
        "owner": "edolstra",
        "repo": "flake-compat",
        "rev": "0f9255e01c2351cc7d116c072cb317785dd33b33",
        "type": "github"
      },
      "original": {
        "owner": "edolstra",
        "repo": "flake-compat",
        "type": "github"
      }
    },
    "flake-parts": {
      "inputs": {
        "nixpkgs-lib": [
          "nixpkgs"
        ]
      },
      "locked": {
        "lastModified": 1733312601,
        "narHash": "sha256-4pDvzqnegAfRkPwO3wmwBhVi/Sye1mzps0zHWYnP88c=",
        "owner": "hercules-ci",
        "repo": "flake-parts",
        "rev": "205b12d8b7cd4802fbcb8e8ef6a0f1408781a4f9",
        "type": "github"
      },
      "original": {
        "owner": "hercules-ci",
        "repo": "flake-parts",
        "type": "github"
      }
    },
    "flake-parts_2": {
      "inputs": {
        "nixpkgs-lib": [
          "neovim-nightly-overlay",
          "nixpkgs"
        ]
      },
      "locked": {
        "lastModified": 1733269028,
        "narHash": "sha256-kVq/jAKKtbvWwbL9wf0SKDxtxsC5Gb+nlIYEFnyXhGA=",
        "owner": "hercules-ci",
        "repo": "flake-parts",
        "rev": "e37654df08605b510ad84eceaafcc7248495e843",
        "type": "github"
      },
      "original": {
        "owner": "hercules-ci",
        "repo": "flake-parts",
        "type": "github"
      }
    },
    "flake-parts_3": {
      "inputs": {
        "nixpkgs-lib": [
          "neovim-nightly-overlay",
          "hercules-ci-effects",
          "nixpkgs"
        ]
      },
      "locked": {
        "lastModified": 1712014858,
        "narHash": "sha256-sB4SWl2lX95bExY2gMFG5HIzvva5AVMJd4Igm+GpZNw=",
        "owner": "hercules-ci",
        "repo": "flake-parts",
        "rev": "9126214d0a59633752a136528f5f3b9aa8565b7d",
        "type": "github"
      },
      "original": {
        "id": "flake-parts",
        "type": "indirect"
      }
    },
    "git-hooks": {
      "inputs": {
        "flake-compat": "flake-compat_2",
        "gitignore": "gitignore",
        "nixpkgs": [
          "neovim-nightly-overlay",
          "nixpkgs"
        ],
        "nixpkgs-stable": [
          "neovim-nightly-overlay",
          "nixpkgs"
        ]
      },
      "locked": {
        "lastModified": 1732021966,
        "narHash": "sha256-mnTbjpdqF0luOkou8ZFi2asa1N3AA2CchR/RqCNmsGE=",
        "owner": "cachix",
        "repo": "git-hooks.nix",
        "rev": "3308484d1a443fc5bc92012435d79e80458fe43c",
        "type": "github"
      },
      "original": {
        "owner": "cachix",
        "repo": "git-hooks.nix",
        "type": "github"
      }
    },
    "gitignore": {
      "inputs": {
        "nixpkgs": [
          "neovim-nightly-overlay",
          "git-hooks",
          "nixpkgs"
        ]
      },
      "locked": {
        "lastModified": 1709087332,
        "narHash": "sha256-HG2cCnktfHsKV0s4XW83gU3F57gaTljL9KNSuG6bnQs=",
        "owner": "hercules-ci",
        "repo": "gitignore.nix",
        "rev": "637db329424fd7e46cf4185293b9cc8c88c95394",
        "type": "github"
      },
      "original": {
        "owner": "hercules-ci",
        "repo": "gitignore.nix",
        "type": "github"
      }
    },
    "hercules-ci-effects": {
      "inputs": {
        "flake-parts": "flake-parts_3",
        "nixpkgs": [
          "neovim-nightly-overlay",
          "nixpkgs"
        ]
      },
      "locked": {
        "lastModified": 1730903510,
        "narHash": "sha256-mnynlrPeiW0nUQ8KGZHb3WyxAxA3Ye/BH8gMjdoKP6E=",
        "owner": "hercules-ci",
        "repo": "hercules-ci-effects",
        "rev": "b89ac4d66d618b915b1f0a408e2775fe3821d141",
        "type": "github"
      },
      "original": {
        "owner": "hercules-ci",
        "repo": "hercules-ci-effects",
        "type": "github"
      }
    },
    "huez-nvim": {
      "flake": false,
      "locked": {
        "lastModified": 1731395230,
        "narHash": "sha256-BPzaPn0ZFKqIi7UgAF1gySyHbrJq5vvZheAUv/SfEs4=",
        "owner": "vague2k",
        "repo": "huez.nvim",
        "rev": "03e193e4aa02b5b3a439d0cc5edeb85a2f7b5415",
        "type": "github"
      },
      "original": {
        "owner": "vague2k",
        "repo": "huez.nvim",
        "type": "github"
      }
    },
    "neovim-nightly-overlay": {
      "inputs": {
        "flake-compat": "flake-compat",
        "flake-parts": "flake-parts_2",
        "git-hooks": "git-hooks",
        "hercules-ci-effects": "hercules-ci-effects",
        "neovim-src": "neovim-src",
        "nixpkgs": [
          "nixpkgs"
        ]
      },
      "locked": {
        "lastModified": 1733314815,
        "narHash": "sha256-FxQzRALeGEfZg7ZA+ArlGBbs3Jtwd7Tr7+E6iucHKDA=",
        "owner": "nix-community",
        "repo": "neovim-nightly-overlay",
        "rev": "7545e949aa9bc2396130191100f1fbf9765bc448",
        "type": "github"
      },
      "original": {
        "owner": "nix-community",
        "repo": "neovim-nightly-overlay",
        "type": "github"
      }
    },
    "neovim-src": {
      "flake": false,
      "locked": {
        "lastModified": 1733247868,
        "narHash": "sha256-TGXXXV/jWUBF2ZBiYt6RKIvUGpsefDe/RSXnUzejxMU=",
        "owner": "neovim",
        "repo": "neovim",
        "rev": "ae93c7f369a174f3d738ab55030de2c9dfc10c57",
        "type": "github"
      },
      "original": {
        "owner": "neovim",
        "repo": "neovim",
        "type": "github"
      }
    },
    "nixpkgs": {
      "locked": {
        "lastModified": 1733212471,
        "narHash": "sha256-M1+uCoV5igihRfcUKrr1riygbe73/dzNnzPsmaLCmpo=",
        "owner": "NixOS",
        "repo": "nixpkgs",
        "rev": "55d15ad12a74eb7d4646254e13638ad0c4128776",
        "type": "github"
      },
      "original": {
        "owner": "NixOS",
        "ref": "nixos-unstable",
        "repo": "nixpkgs",
        "type": "github"
      }
    },
    "pokemon-nvim": {
      "flake": false,
      "locked": {
        "lastModified": 1686187008,
        "narHash": "sha256-ZTMkSe7PZYOvdUwgx6x9iruwQ/ioxTPzRFeOh4LAylM=",
        "owner": "ColaMint",
        "repo": "pokemon.nvim",
        "rev": "50c618f88f1ee7cbd0e0d8194176b0d47f6f1c40",
        "type": "github"
      },
      "original": {
        "owner": "ColaMint",
        "repo": "pokemon.nvim",
        "type": "github"
      }
    },
    "root": {
      "inputs": {
        "blame-me-nvim": "blame-me-nvim",
        "chameleon-nvim": "chameleon-nvim",
        "flake-parts": "flake-parts",
        "huez-nvim": "huez-nvim",
        "neovim-nightly-overlay": "neovim-nightly-overlay",
        "nixpkgs": "nixpkgs",
        "pokemon-nvim": "pokemon-nvim"
      }
    }
  },
  "root": "root",
  "version": 7
}
