{
  "nodes": {
    "blame-me-nvim": {
      "flake": false,
      "locked": {
        "lastModified": 1756845638,
        "narHash": "sha256-abDq2qiUmO8+m3pwj7+1PQQLa6JGNbtge5ltW64+rNU=",
        "owner": "hougesen",
        "repo": "blame-me.nvim",
        "rev": "8715cc70d466e48793cd95d248213db025403243",
        "type": "github"
      },
      "original": {
        "owner": "hougesen",
        "repo": "blame-me.nvim",
        "type": "github"
      }
    },
    "chameleon-nvim": {
      "flake": false,
      "locked": {
        "lastModified": 1725532772,
        "narHash": "sha256-VjHyOM788FQhKwCHk3nmqRqxVvPFn2pjVLgjVfQOJ3E=",
        "owner": "varchaar",
        "repo": "chameleon.nvim",
        "rev": "dd907471946bc7bf0c6b2364b67c6aa47a533f82",
        "type": "github"
      },
      "original": {
        "owner": "varchaar",
        "repo": "chameleon.nvim",
        "type": "github"
      }
    },
    "flake-parts": {
      "inputs": {
        "nixpkgs-lib": [
          "nixpkgs"
        ]
      },
      "locked": {
        "lastModified": 1782949081,
        "narHash": "sha256-vp6Y/Grm98ESt6ceOkWiHWyZRDV3J1RID4w+6NWK9yA=",
        "owner": "hercules-ci",
        "repo": "flake-parts",
        "rev": "17c9d6cdfc60c64f4ee8d306f9bc0b4ccb51481e",
        "type": "github"
      },
      "original": {
        "owner": "hercules-ci",
        "repo": "flake-parts",
        "type": "github"
      }
    },
    "flake-parts_2": {
      "inputs": {
        "nixpkgs-lib": [
          "neovim-nightly-overlay",
          "nixpkgs"
        ]
      },
      "locked": {
        "lastModified": 1782949081,
        "narHash": "sha256-vp6Y/Grm98ESt6ceOkWiHWyZRDV3J1RID4w+6NWK9yA=",
        "owner": "hercules-ci",
        "repo": "flake-parts",
        "rev": "17c9d6cdfc60c64f4ee8d306f9bc0b4ccb51481e",
        "type": "github"
      },
      "original": {
        "owner": "hercules-ci",
        "repo": "flake-parts",
        "type": "github"
      }
    },
    "huez-nvim": {
      "flake": false,
      "locked": {
        "lastModified": 1731395230,
        "narHash": "sha256-BPzaPn0ZFKqIi7UgAF1gySyHbrJq5vvZheAUv/SfEs4=",
        "owner": "vague2k",
        "repo": "huez.nvim",
        "rev": "03e193e4aa02b5b3a439d0cc5edeb85a2f7b5415",
        "type": "github"
      },
      "original": {
        "owner": "vague2k",
        "repo": "huez.nvim",
        "type": "github"
      }
    },
    "neovim-nightly-overlay": {
      "inputs": {
        "flake-parts": "flake-parts_2",
        "neovim-src": "neovim-src",
        "nixpkgs": [
          "nixpkgs"
        ]
      },
      "locked": {
        "lastModified": 1784937789,
        "narHash": "sha256-OapoKXc31FbcfzT8Cehs3By0HnhgzZxnI42MCRXx6/8=",
        "owner": "nix-community",
        "repo": "neovim-nightly-overlay",
        "rev": "0f46eaeeea58c396929ed4d04ed46282e1e0e33f",
        "type": "github"
      },
      "original": {
        "owner": "nix-community",
        "repo": "neovim-nightly-overlay",
        "type": "github"
      }
    },
    "neovim-src": {
      "flake": false,
      "locked": {
        "lastModified": 1784934442,
        "narHash": "sha256-cMhWsQgVQjkeXc7gvCWIb7YEkGFY/L5GS2MlcHQU7N0=",
        "owner": "neovim",
        "repo": "neovim",
        "rev": "63c84e4c1a0224b478c9e7ed48d483d0d749a540",
        "type": "github"
      },
      "original": {
        "owner": "neovim",
        "repo": "neovim",
        "type": "github"
      }
    },
    "nixpkgs": {
      "locked": {
        "lastModified": 1785090369,
        "narHash": "sha256-m0pDuRJG7EDo9ri+4Ksu83VsI+PlxNC9lNBfydejce4=",
        "owner": "NixOS",
        "repo": "nixpkgs",
        "rev": "624af665418d3c65d544145b4d34ad696439570e",
        "type": "github"
      },
      "original": {
        "owner": "NixOS",
        "ref": "nixos-unstable",
        "repo": "nixpkgs",
        "type": "github"
      }
    },
    "pokemon-nvim": {
      "flake": false,
      "locked": {
        "lastModified": 1686187008,
        "narHash": "sha256-ZTMkSe7PZYOvdUwgx6x9iruwQ/ioxTPzRFeOh4LAylM=",
        "owner": "ColaMint",
        "repo": "pokemon.nvim",
        "rev": "50c618f88f1ee7cbd0e0d8194176b0d47f6f1c40",
        "type": "github"
      },
      "original": {
        "owner": "ColaMint",
        "repo": "pokemon.nvim",
        "type": "github"
      }
    },
    "root": {
      "inputs": {
        "blame-me-nvim": "blame-me-nvim",
        "chameleon-nvim": "chameleon-nvim",
        "flake-parts": "flake-parts",
        "huez-nvim": "huez-nvim",
        "neovim-nightly-overlay": "neovim-nightly-overlay",
        "nixpkgs": "nixpkgs",
        "pokemon-nvim": "pokemon-nvim"
      }
    }
  },
  "root": "root",
  "version": 7
}
